
Microsoft Visual Studio Solution File, Format Version 12.00
# Visual Studio Version 16
VisualStudioVersion = 16.0.32929.386
MinimumVisualStudioVersion = 10.0.40219.1
Project("{F2A71F9B-5D33-465A-A702-920D77279786}") = "WebApplication1", "WebApplication1\WebApplication1.fsproj", "{81ADB7D1-2579-4301-B9D7-11BD3A6950CB}"
EndProject
Global
	GlobalSection(SolutionConfigurationPlatforms) = preSolution
		Debug|Any CPU = Debug|Any CPU
		Release|Any CPU = Release|Any CPU
	EndGlobalSection
	GlobalSection(ProjectConfigurationPlatforms) = postSolution
		{81ADB7D1-2579-4301-B9D7-11BD3A6950CB}.Debug|Any CPU.ActiveCfg = Debug|Any CPU
		{81ADB7D1-2579-4301-B9D7-11BD3A6950CB}.Debug|Any CPU.Build.0 = Debug|Any CPU
		{81ADB7D1-2579-4301-B9D7-11BD3A6950CB}.Release|Any CPU.ActiveCfg = Release|Any CPU
		{81ADB7D1-2579-4301-B9D7-11BD3A6950CB}.Release|Any CPU.Build.0 = Release|Any CPU
	EndGlobalSection
	GlobalSection(SolutionProperties) = preSolution
		HideSolutionNode = FALSE
	EndGlobalSection
	GlobalSection(ExtensibilityGlobals) = postSolution
		SolutionGuid = {86B8DF42-7E42-4F54-83EB-B1CCA1BA940C}
	EndGlobalSection
EndGlobal
